
Microsoft Visual Studio Solution File, Format Version 12.00
# Visual Studio Version 16
VisualStudioVersion = 16.0.29806.167
MinimumVisualStudioVersion = 10.0.40219.1
Project("{FAE04EC0-301F-11D3-BF4B-00C04F79EFBC}") = "eShopSolution.WebApp", "eShopSolution.WebApp\eShopSolution.WebApp.csproj", "{398D35BC-5523-461A-9FE7-F38E2545401F}"
EndProject
Project("{2150E333-8FDC-42A3-9474-1A3956D46DE8}") = "Solution items", "Solution items", "{96901EFF-1157-473C-BDFF-A6DFC9A14357}"
	ProjectSection(SolutionItems) = preProject
		Readme.md = Readme.md
	EndProjectSection
EndProject
Global
	GlobalSection(SolutionConfigurationPlatforms) = preSolution
		Debug|Any CPU = Debug|Any CPU
		Release|Any CPU = Release|Any CPU
	EndGlobalSection
	GlobalSection(ProjectConfigurationPlatforms) = postSolution
		{398D35BC-5523-461A-9FE7-F38E2545401F}.Debug|Any CPU.ActiveCfg = Debug|Any CPU
		{398D35BC-5523-461A-9FE7-F38E2545401F}.Debug|Any CPU.Build.0 = Debug|Any CPU
		{398D35BC-5523-461A-9FE7-F38E2545401F}.Release|Any CPU.ActiveCfg = Release|Any CPU
		{398D35BC-5523-461A-9FE7-F38E2545401F}.Release|Any CPU.Build.0 = Release|Any CPU
	EndGlobalSection
	GlobalSection(SolutionProperties) = preSolution
		HideSolutionNode = FALSE
	EndGlobalSection
	GlobalSection(ExtensibilityGlobals) = postSolution
		SolutionGuid = {AB06E98E-727C-40E9-8D26-A678FFF3DD2B}
	EndGlobalSection
EndGlobal
